{
  "name": "@zimtsui/unixflow",
  "lockfileVersion": 3,
  "requires": true,
  "packages": {
    "": {
      "name": "@zimtsui/unixflow",
      "devDependencies": {
        "openai": "^6.25.0"
      },
      "peerDependencies": {
        "@sinclair/typebox": "^0.34.48"
      }
    },
    "node_modules/@sinclair/typebox": {
      "version": "0.34.48",
      "resolved": "https://registry.npmmirror.com/@sinclair/typebox/-/typebox-0.34.48.tgz",
      "integrity": "sha512-kKJTNuK3AQOrgjjotVxMrCn1sUJwM76wMszfq1kdU4uYVJjvEWuFQ6HgvLt4Xz3fSmZlTOxJ/Ie13KnIcWQXFA==",
      "license": "MIT",
      "peer": true
    },
    "node_modules/openai": {
      "version": "6.25.0",
      "resolved": "https://registry.npmmirror.com/openai/-/openai-6.25.0.tgz",
      "integrity": "sha512-mEh6VZ2ds2AGGokWARo18aPISI1OhlgdEIC1ewhkZr8pSIT31dec0ecr9Nhxx0JlybyOgoAT1sWeKtwPZzJyww==",
      "dev": true,
      "license": "Apache-2.0",
      "bin": {
        "openai": "bin/cli"
      },
      "peerDependencies": {
        "ws": "^8.18.0",
        "zod": "^3.25 || ^4.0"
      },
      "peerDependenciesMeta": {
        "ws": {
          "optional": true
        },
        "zod": {
          "optional": true
        }
      }
    }
  }
}
